{
  "nodes": {
    "faststack-master": {
      "inputs": {
        "flakeNimbleLib": [
          "flakeNimbleLib"
        ],
        "nixpkgs": [
          "nixpkgs"
        ],
        "src-faststack-master": "src-faststack-master"
      },
      "locked": {
        "dir": "master",
        "lastModified": 1662254460,
        "narHash": "sha256-89keGa58X77lP4xaD7GbjwBw2q2KqhZFsWMW9E1SymM=",
        "owner": "nim-nix-pkgs",
        "repo": "faststack",
        "rev": "985334350ad003d3160f4c983913a66facf21f8a",
        "type": "github"
      },
      "original": {
        "dir": "master",
        "owner": "nim-nix-pkgs",
        "ref": "master",
        "repo": "faststack",
        "type": "github"
      }
    },
    "flakeNimbleLib": {
      "inputs": {
        "nixpkgs": [
          "nixpkgs"
        ]
      },
      "locked": {
        "lastModified": 1662018438,
        "narHash": "sha256-QtNtU6+LX3Wokxf0zlFwKTFOcn6TeDjKQZ+DA9OYtvM=",
        "owner": "riinr",
        "repo": "nim-flakes-lib",
        "rev": "b1fe8340736e3a85d25c709ac3dfd82a55c03cbf",
        "type": "github"
      },
      "original": {
        "owner": "riinr",
        "ref": "master",
        "repo": "nim-flakes-lib",
        "type": "github"
      }
    },
    "nixpkgs": {
      "locked": {
        "lastModified": 1667110639,
        "narHash": "sha256-4FbPESZ5LbqQxkJJJBAfk/zKgF9h/4kyUwjjpJwYlbc=",
        "owner": "NixOS",
        "repo": "nixpkgs",
        "rev": "f38a1f04d1bec1feb61fd101a0539ae2002a7087",
        "type": "github"
      },
      "original": {
        "id": "nixpkgs",
        "type": "indirect"
      }
    },
    "root": {
      "inputs": {
        "faststack-master": "faststack-master",
        "flakeNimbleLib": "flakeNimbleLib",
        "nixpkgs": "nixpkgs"
      }
    },
    "src-faststack-master": {
      "flake": false,
      "locked": {
        "lastModified": 1471617491,
        "narHash": "sha256-xnRKgaHKn3Hmh7Vd2oqYtJ/h7ChjlSBbRpchmTGCNEc=",
        "owner": "Vladar4",
        "repo": "FastStack",
        "rev": "8aa7a65277eca78136e055c980126537d8fe2711",
        "type": "github"
      },
      "original": {
        "owner": "Vladar4",
        "ref": "refs/heads/master",
        "repo": "FastStack",
        "type": "github"
      }
    }
  },
  "root": "root",
  "version": 7
}
